hash: 4e9ead9546b5fe9dc7ed010d088afc5fc20e6d3d4f8b9b48fdf1f7b4ad52d4a6
updated: 2016-11-14T16:06:13.636504-05:00
imports:
- name: github.com/azr/backoff
  version: 53511d3c733003985b0b76f733df1f4d0095ee6a
- name: github.com/ChimeraCoder/tokenbucket
  version: c5a927568de7aad8a58127d80bcd36ca4e71e454
- name: github.com/dustin/go-jsonpointer
  version: 2efc9fef1d9421a8d252a32e20beb10cecd2bbca
- name: github.com/dustin/gojson
  version: 2e71ec9dd5adce3b168cd0dbde03b5cc04951c30
- name: github.com/garyburd/go-oauth
  version: 719b069913e1151a73ea30d2ea4f90deda3ce234
  subpackages:
  - oauth
- name: github.com/gorilla/context
  version: aed02d124ae4a0e94fea4541c8effd05bf0c8296
- name: github.com/gorilla/securecookie
  version: ff356348f74133a59d3e93aa24b5b4551b6fe90d
- name: github.com/jackc/pgx
  version: 11e1f70c3229081c7b433ad211753f0546b23ab4
  subpackages:
  - github.com\jackc\pgx\stdlib
  - stdlib
- name: github.com/jasonlvhit/gocron
  version: 0b564bf03e9665599efbcba1c6fba3d84212c197
- name: github.com/jmoiron/sqlx
  version: a7f971fe8ea891a1a74ddb40c623f5722e28e8a8
  subpackages:
  - github.com\jmoiron\sqlx
  - reflectx
- name: github.com/pelletier/go-buffruneio
  version: df1e16fde7fc330a0ca68167c23bf7ed6ac31d6d
- name: github.com/pelletier/go-toml
  version: 8e6ab94eec2ae84996ed00ec774b2e15c540d7f9
- name: github.com/peppage/anaconda
  version: dc202af89db3ad0dcc747c84afb8eacfcc0a998e
- name: github.com/peppage/foursquarego
  version: d241045b317aae8aeed05d47c3b2ab1e19a52987
- name: github.com/pquerna/ffjson
  version: a29c662791e4de7fc53a6cf209c9af657bba96f3
  subpackages:
  - ffjson
  - fflib/v1
  - fflib/v1/internal
- name: github.com/pressly/chi
  version: fc6251083a856d5093f4b96d71252c5e56d9c1b5
  subpackages:
  - middleware
- name: github.com/rifflock/lfshook
  version: 05a24e24fa8d3a2eca8c2baf23aa2d5a2c51490c
  subpackages:
  - github.com\rifflock\lfshook
- name: github.com/sebest/logrusly
  version: d2415b54e6af1e6b3d9b1ab9a49c779f25599922
- name: github.com/segmentio/go-loggly
  version: e78f6971ebca5835614673e2f5f6a47ca5f13501
- name: github.com/shawnps/sessions
  version: dc17d8cc4b7165432d37bd224ae43309f97950a9
- name: github.com/Sirupsen/logrus
  version: f3cfb454f4c209e6668c95216c4744b8fddb2356
  subpackages:
  - github.com\Sirupsen\logrus
- name: github.com/stretchr/testify
  version: 69483b4bd14f5845b5a1e55bca19e954e827f1d0
  subpackages:
  - suite
  - assert
  - require
- name: github.com/valyala/quicktemplate
  version: de41ba48f1d9953aca12983c953532f3776b4347
- name: github.com/visionmedia/go-debug
  version: ff4a55a20a86994118644bbddc6a216da193cc13
- name: golang.org/x/crypto
  version: 5bcd134fee4dd1475da17714aac19c0aa0142e2f
  subpackages:
  - blowfish
- name: golang.org/x/crypto/bcrypt
  version: 5bcd134fee4dd1475da17714aac19c0aa0142e2f
- name: golang.org/x/net
  version: c4c3ea71919de159c9e246d7be66deb7f0a39a58
  subpackages:
  - webdav/internal/xml
- name: golang.org/x/net/webdav
  version: c4c3ea71919de159c9e246d7be66deb7f0a39a58
- name: golang.org/x/sys
  version: 076b546753157f758b316e59bcb51e6807c04057
  subpackages:
  - unix
testImports:
- name: github.com/davecgh/go-spew
  version: 6d212800a42e8ab5c146b8ace3490ee17e5225f9
  subpackages:
  - spew
- name: github.com/pmezard/go-difflib
  version: d8ed2627bdf02c080bf22230dbb337003b7aba2d
  subpackages:
  - difflib
