
Microsoft Visual Studio Solution File, Format Version 12.00
# Visual Studio 15
VisualStudioVersion = 15.0.26124.0
MinimumVisualStudioVersion = 15.0.26124.0
Project("{2150E333-8FDC-42A3-9474-1A3956D46DE8}") = "src", "src", "{B0CA7AF7-342E-4BAB-92E0-0157E0E7FEB8}"
EndProject
Project("{FAE04EC0-301F-11D3-BF4B-00C04F79EFBC}") = "Wanderinglunch.Data", "src\Wanderinglunch.Data\Wanderinglunch.Data.csproj", "{607C591B-D677-495A-A6F9-DB4D7C0F0AA7}"
EndProject
Project("{FAE04EC0-301F-11D3-BF4B-00C04F79EFBC}") = "Wanderinglunch.Updator", "src\Wanderinglunch.Updator\Wanderinglunch.Updator.csproj", "{3E866755-CC2B-4D68-8CE6-24330BA308CD}"
EndProject
Global
	GlobalSection(SolutionConfigurationPlatforms) = preSolution
		Debug|Any CPU = Debug|Any CPU
		Debug|x64 = Debug|x64
		Debug|x86 = Debug|x86
		Release|Any CPU = Release|Any CPU
		Release|x64 = Release|x64
		Release|x86 = Release|x86
	EndGlobalSection
	GlobalSection(SolutionProperties) = preSolution
		HideSolutionNode = FALSE
	EndGlobalSection
	GlobalSection(ProjectConfigurationPlatforms) = postSolution
		{607C591B-D677-495A-A6F9-DB4D7C0F0AA7}.Debug|Any CPU.ActiveCfg = Debug|Any CPU
		{607C591B-D677-495A-A6F9-DB4D7C0F0AA7}.Debug|Any CPU.Build.0 = Debug|Any CPU
		{607C591B-D677-495A-A6F9-DB4D7C0F0AA7}.Debug|x64.ActiveCfg = Debug|Any CPU
		{607C591B-D677-495A-A6F9-DB4D7C0F0AA7}.Debug|x64.Build.0 = Debug|Any CPU
		{607C591B-D677-495A-A6F9-DB4D7C0F0AA7}.Debug|x86.ActiveCfg = Debug|Any CPU
		{607C591B-D677-495A-A6F9-DB4D7C0F0AA7}.Debug|x86.Build.0 = Debug|Any CPU
		{607C591B-D677-495A-A6F9-DB4D7C0F0AA7}.Release|Any CPU.ActiveCfg = Release|Any CPU
		{607C591B-D677-495A-A6F9-DB4D7C0F0AA7}.Release|Any CPU.Build.0 = Release|Any CPU
		{607C591B-D677-495A-A6F9-DB4D7C0F0AA7}.Release|x64.ActiveCfg = Release|Any CPU
		{607C591B-D677-495A-A6F9-DB4D7C0F0AA7}.Release|x64.Build.0 = Release|Any CPU
		{607C591B-D677-495A-A6F9-DB4D7C0F0AA7}.Release|x86.ActiveCfg = Release|Any CPU
		{607C591B-D677-495A-A6F9-DB4D7C0F0AA7}.Release|x86.Build.0 = Release|Any CPU
		{3E866755-CC2B-4D68-8CE6-24330BA308CD}.Debug|Any CPU.ActiveCfg = Debug|Any CPU
		{3E866755-CC2B-4D68-8CE6-24330BA308CD}.Debug|Any CPU.Build.0 = Debug|Any CPU
		{3E866755-CC2B-4D68-8CE6-24330BA308CD}.Debug|x64.ActiveCfg = Debug|Any CPU
		{3E866755-CC2B-4D68-8CE6-24330BA308CD}.Debug|x64.Build.0 = Debug|Any CPU
		{3E866755-CC2B-4D68-8CE6-24330BA308CD}.Debug|x86.ActiveCfg = Debug|Any CPU
		{3E866755-CC2B-4D68-8CE6-24330BA308CD}.Debug|x86.Build.0 = Debug|Any CPU
		{3E866755-CC2B-4D68-8CE6-24330BA308CD}.Release|Any CPU.ActiveCfg = Release|Any CPU
		{3E866755-CC2B-4D68-8CE6-24330BA308CD}.Release|Any CPU.Build.0 = Release|Any CPU
		{3E866755-CC2B-4D68-8CE6-24330BA308CD}.Release|x64.ActiveCfg = Release|Any CPU
		{3E866755-CC2B-4D68-8CE6-24330BA308CD}.Release|x64.Build.0 = Release|Any CPU
		{3E866755-CC2B-4D68-8CE6-24330BA308CD}.Release|x86.ActiveCfg = Release|Any CPU
		{3E866755-CC2B-4D68-8CE6-24330BA308CD}.Release|x86.Build.0 = Release|Any CPU
	EndGlobalSection
	GlobalSection(NestedProjects) = preSolution
		{607C591B-D677-495A-A6F9-DB4D7C0F0AA7} = {B0CA7AF7-342E-4BAB-92E0-0157E0E7FEB8}
		{3E866755-CC2B-4D68-8CE6-24330BA308CD} = {B0CA7AF7-342E-4BAB-92E0-0157E0E7FEB8}
	EndGlobalSection
EndGlobal
